// !$*UTF8*$!
{
	archiveVersion = 1;
	classes = {
	};
	objectVersion = 46;
	objects = {

/* Begin PBXBuildFile section */
		D265DFF41896D1E300E8A68F /* Foundation.framework in Frameworks */ = {isa = PBXBuildFile; fileRef = D265DFF31896D1E300E8A68F /* Foundation.framework */; };
		D265DFF61896D1E300E8A68F /* CoreGraphics.framework in Frameworks */ = {isa = PBXBuildFile; fileRef = D265DFF51896D1E300E8A68F /* CoreGraphics.framework */; };
		D265DFF81896D1E300E8A68F /* UIKit.framework in Frameworks */ = {isa = PBXBuildFile; fileRef = D265DFF71896D1E300E8A68F /* UIKit.framework */; };
		D265DFFE1896D1E300E8A68F /* InfoPlist.strings in Resources */ = {isa = PBXBuildFile; fileRef = D265DFFC1896D1E300E8A68F /* InfoPlist.strings */; };
		D265E0001896D1E300E8A68F /* main.m in Sources */ = {isa = PBXBuildFile; fileRef = D265DFFF1896D1E300E8A68F /* main.m */; };
		D265E0041896D1E300E8A68F /* SSAppDelegate.m in Sources */ = {isa = PBXBuildFile; fileRef = D265E0031896D1E300E8A68F /* SSAppDelegate.m */; };
		D265E0071896D1E300E8A68F /* Main_iPhone.storyboard in Resources */ = {isa = PBXBuildFile; fileRef = D265E0051896D1E300E8A68F /* Main_iPhone.storyboard */; };
		D265E00A1896D1E300E8A68F /* Main_iPad.storyboard in Resources */ = {isa = PBXBuildFile; fileRef = D265E0081896D1E300E8A68F /* Main_iPad.storyboard */; };
		D265E00D1896D1E300E8A68F /* SSBackViewController.m in Sources */ = {isa = PBXBuildFile; fileRef = D265E00C1896D1E300E8A68F /* SSBackViewController.m */; };
		D265E0101896D1E300E8A68F /* SSFrontViewController.m in Sources */ = {isa = PBXBuildFile; fileRef = D265E00F1896D1E300E8A68F /* SSFrontViewController.m */; };
		D265E0121896D1E300E8A68F /* Images.xcassets in Resources */ = {isa = PBXBuildFile; fileRef = D265E0111896D1E300E8A68F /* Images.xcassets */; };
		D265E0191896D1E300E8A68F /* XCTest.framework in Frameworks */ = {isa = PBXBuildFile; fileRef = D265E0181896D1E300E8A68F /* XCTest.framework */; };
		D265E01A1896D1E300E8A68F /* Foundation.framework in Frameworks */ = {isa = PBXBuildFile; fileRef = D265DFF31896D1E300E8A68F /* Foundation.framework */; };
		D265E01B1896D1E300E8A68F /* UIKit.framework in Frameworks */ = {isa = PBXBuildFile; fileRef = D265DFF71896D1E300E8A68F /* UIKit.framework */; };
		D265E0231896D1E300E8A68F /* InfoPlist.strings in Resources */ = {isa = PBXBuildFile; fileRef = D265E0211896D1E300E8A68F /* InfoPlist.strings */; };
		D265E0251896D1E300E8A68F /* Github_To_GoTests.m in Sources */ = {isa = PBXBuildFile; fileRef = D265E0241896D1E300E8A68F /* Github_To_GoTests.m */; };
		D265E0301896D30000E8A68F /* SSNetworkController.m in Sources */ = {isa = PBXBuildFile; fileRef = D265E02F1896D30000E8A68F /* SSNetworkController.m */; };
		D265E07F189717CC00E8A68F /* SSSplitViewController.m in Sources */ = {isa = PBXBuildFile; fileRef = D265E07E189717CC00E8A68F /* SSSplitViewController.m */; };
		D2D431A318988A1100263948 /* SSUserCollectionAvatarCell.m in Sources */ = {isa = PBXBuildFile; fileRef = D2D431A218988A1100263948 /* SSUserCollectionAvatarCell.m */; };
		D2D431A618988BAB00263948 /* SSSearchCollectionView.m in Sources */ = {isa = PBXBuildFile; fileRef = D2D431A518988BAB00263948 /* SSSearchCollectionView.m */; };
		D2D431A91898927100263948 /* SSGitHubUser.m in Sources */ = {isa = PBXBuildFile; fileRef = D2D431A81898927100263948 /* SSGitHubUser.m */; };
		D2D431AC189892D800263948 /* SSRepoCollectionCell.m in Sources */ = {isa = PBXBuildFile; fileRef = D2D431AB189892D800263948 /* SSRepoCollectionCell.m */; };
		D2D431B21898B86200263948 /* SSGitHubRepo.m in Sources */ = {isa = PBXBuildFile; fileRef = D2D431B11898B86200263948 /* SSGitHubRepo.m */; };
		IYDQKWBMRKIEYEVRWSLKUDQT /* QuartzCore.framework in Frameworks */ = {isa = PBXBuildFile; fileRef = YXIFWTDXJPPRRMDCEPMDTJHK /* QuartzCore.framework */; };
		NPONLATPTEBRUFEBXNXFHCQQ /* libz.dylib in Frameworks */ = {isa = PBXBuildFile; fileRef = HBDITSPYVFDWQYYBDCIDIXGK /* libz.dylib */; };
/* End PBXBuildFile section */

/* Begin PBXContainerItemProxy section */
		D265E01C1896D1E300E8A68F /* PBXContainerItemProxy */ = {
			isa = PBXContainerItemProxy;
			containerPortal = D265DFE81896D1E300E8A68F /* Project object */;
			proxyType = 1;
			remoteGlobalIDString = D265DFEF1896D1E300E8A68F;
			remoteInfo = "Github To Go";
		};
/* End PBXContainerItemProxy section */

/* Begin PBXFileReference section */
		D265DFF01896D1E300E8A68F /* Github To Go.app */ = {isa = PBXFileReference; explicitFileType = wrapper.application; includeInIndex = 0; path = "Github To Go.app"; sourceTree = BUILT_PRODUCTS_DIR; };
		D265DFF31896D1E300E8A68F /* Foundation.framework */ = {isa = PBXFileReference; lastKnownFileType = wrapper.framework; name = Foundation.framework; path = System/Library/Frameworks/Foundation.framework; sourceTree = SDKROOT; };
		D265DFF51896D1E300E8A68F /* CoreGraphics.framework */ = {isa = PBXFileReference; lastKnownFileType = wrapper.framework; name = CoreGraphics.framework; path = System/Library/Frameworks/CoreGraphics.framework; sourceTree = SDKROOT; };
		D265DFF71896D1E300E8A68F /* UIKit.framework */ = {isa = PBXFileReference; lastKnownFileType = wrapper.framework; name = UIKit.framework; path = System/Library/Frameworks/UIKit.framework; sourceTree = SDKROOT; };
		D265DFFB1896D1E300E8A68F /* Github To Go-Info.plist */ = {isa = PBXFileReference; lastKnownFileType = text.plist.xml; path = "Github To Go-Info.plist"; sourceTree = "<group>"; };
		D265DFFD1896D1E300E8A68F /* en */ = {isa = PBXFileReference; lastKnownFileType = text.plist.strings; name = en; path = en.lproj/InfoPlist.strings; sourceTree = "<group>"; };
		D265DFFF1896D1E300E8A68F /* main.m */ = {isa = PBXFileReference; lastKnownFileType = sourcecode.c.objc; path = main.m; sourceTree = "<group>"; };
		D265E0011896D1E300E8A68F /* Github To Go-Prefix.pch */ = {isa = PBXFileReference; lastKnownFileType = sourcecode.c.h; path = "Github To Go-Prefix.pch"; sourceTree = "<group>"; };
		D265E0021896D1E300E8A68F /* SSAppDelegate.h */ = {isa = PBXFileReference; lastKnownFileType = sourcecode.c.h; path = SSAppDelegate.h; sourceTree = "<group>"; };
		D265E0031896D1E300E8A68F /* SSAppDelegate.m */ = {isa = PBXFileReference; lastKnownFileType = sourcecode.c.objc; path = SSAppDelegate.m; sourceTree = "<group>"; };
		D265E0061896D1E300E8A68F /* Base */ = {isa = PBXFileReference; lastKnownFileType = file.storyboard; name = Base; path = Base.lproj/Main_iPhone.storyboard; sourceTree = "<group>"; };
		D265E0091896D1E300E8A68F /* Base */ = {isa = PBXFileReference; lastKnownFileType = file.storyboard; name = Base; path = Base.lproj/Main_iPad.storyboard; sourceTree = "<group>"; };
		D265E00B1896D1E300E8A68F /* SSBackViewController.h */ = {isa = PBXFileReference; lastKnownFileType = sourcecode.c.h; path = SSBackViewController.h; sourceTree = "<group>"; };
		D265E00C1896D1E300E8A68F /* SSBackViewController.m */ = {isa = PBXFileReference; lastKnownFileType = sourcecode.c.objc; path = SSBackViewController.m; sourceTree = "<group>"; };
		D265E00E1896D1E300E8A68F /* SSFrontViewController.h */ = {isa = PBXFileReference; lastKnownFileType = sourcecode.c.h; path = SSFrontViewController.h; sourceTree = "<group>"; };
		D265E00F1896D1E300E8A68F /* SSFrontViewController.m */ = {isa = PBXFileReference; lastKnownFileType = sourcecode.c.objc; path = SSFrontViewController.m; sourceTree = "<group>"; };
		D265E0111896D1E300E8A68F /* Images.xcassets */ = {isa = PBXFileReference; lastKnownFileType = folder.assetcatalog; path = Images.xcassets; sourceTree = "<group>"; };
		D265E0171896D1E300E8A68F /* Github To GoTests.xctest */ = {isa = PBXFileReference; explicitFileType = wrapper.cfbundle; includeInIndex = 0; path = "Github To GoTests.xctest"; sourceTree = BUILT_PRODUCTS_DIR; };
		D265E0181896D1E300E8A68F /* XCTest.framework */ = {isa = PBXFileReference; lastKnownFileType = wrapper.framework; name = XCTest.framework; path = Library/Frameworks/XCTest.framework; sourceTree = DEVELOPER_DIR; };
		D265E0201896D1E300E8A68F /* Github To GoTests-Info.plist */ = {isa = PBXFileReference; lastKnownFileType = text.plist.xml; path = "Github To GoTests-Info.plist"; sourceTree = "<group>"; };
		D265E0221896D1E300E8A68F /* en */ = {isa = PBXFileReference; lastKnownFileType = text.plist.strings; name = en; path = en.lproj/InfoPlist.strings; sourceTree = "<group>"; };
		D265E0241896D1E300E8A68F /* Github_To_GoTests.m */ = {isa = PBXFileReference; lastKnownFileType = sourcecode.c.objc; path = Github_To_GoTests.m; sourceTree = "<group>"; };
		D265E02E1896D30000E8A68F /* SSNetworkController.h */ = {isa = PBXFileReference; fileEncoding = 4; lastKnownFileType = sourcecode.c.h; path = SSNetworkController.h; sourceTree = "<group>"; };
		D265E02F1896D30000E8A68F /* SSNetworkController.m */ = {isa = PBXFileReference; fileEncoding = 4; lastKnownFileType = sourcecode.c.objc; path = SSNetworkController.m; sourceTree = "<group>"; };
		D265E07D189717CC00E8A68F /* SSSplitViewController.h */ = {isa = PBXFileReference; fileEncoding = 4; lastKnownFileType = sourcecode.c.h; path = SSSplitViewController.h; sourceTree = "<group>"; };
		D265E07E189717CC00E8A68F /* SSSplitViewController.m */ = {isa = PBXFileReference; fileEncoding = 4; lastKnownFileType = sourcecode.c.objc; path = SSSplitViewController.m; sourceTree = "<group>"; };
		D2D431A118988A1100263948 /* SSUserCollectionAvatarCell.h */ = {isa = PBXFileReference; fileEncoding = 4; lastKnownFileType = sourcecode.c.h; path = SSUserCollectionAvatarCell.h; sourceTree = "<group>"; };
		D2D431A218988A1100263948 /* SSUserCollectionAvatarCell.m */ = {isa = PBXFileReference; fileEncoding = 4; lastKnownFileType = sourcecode.c.objc; path = SSUserCollectionAvatarCell.m; sourceTree = "<group>"; };
		D2D431A418988BAB00263948 /* SSSearchCollectionView.h */ = {isa = PBXFileReference; fileEncoding = 4; lastKnownFileType = sourcecode.c.h; path = SSSearchCollectionView.h; sourceTree = "<group>"; };
		D2D431A518988BAB00263948 /* SSSearchCollectionView.m */ = {isa = PBXFileReference; fileEncoding = 4; lastKnownFileType = sourcecode.c.objc; path = SSSearchCollectionView.m; sourceTree = "<group>"; };
		D2D431A71898927100263948 /* SSGitHubUser.h */ = {isa = PBXFileReference; fileEncoding = 4; lastKnownFileType = sourcecode.c.h; path = SSGitHubUser.h; sourceTree = "<group>"; };
		D2D431A81898927100263948 /* SSGitHubUser.m */ = {isa = PBXFileReference; fileEncoding = 4; lastKnownFileType = sourcecode.c.objc; path = SSGitHubUser.m; sourceTree = "<group>"; };
		D2D431AA189892D800263948 /* SSRepoCollectionCell.h */ = {isa = PBXFileReference; fileEncoding = 4; lastKnownFileType = sourcecode.c.h; path = SSRepoCollectionCell.h; sourceTree = "<group>"; };
		D2D431AB189892D800263948 /* SSRepoCollectionCell.m */ = {isa = PBXFileReference; fileEncoding = 4; lastKnownFileType = sourcecode.c.objc; path = SSRepoCollectionCell.m; sourceTree = "<group>"; };
		D2D431B01898B86200263948 /* SSGitHubRepo.h */ = {isa = PBXFileReference; fileEncoding = 4; lastKnownFileType = sourcecode.c.h; path = SSGitHubRepo.h; sourceTree = "<group>"; };
		D2D431B11898B86200263948 /* SSGitHubRepo.m */ = {isa = PBXFileReference; fileEncoding = 4; lastKnownFileType = sourcecode.c.objc; path = SSGitHubRepo.m; sourceTree = "<group>"; };
		HBDITSPYVFDWQYYBDCIDIXGK /* libz.dylib */ = {isa = PBXFileReference; lastKnownFileType = "compiled.mach-o.dylib"; name = libz.dylib; path = usr/lib/libz.dylib; sourceTree = SDKROOT; };
		MNTBWVDMICWTEJGUAKXRYSMK /* SparkInspector.framework */ = {isa = PBXFileReference; lastKnownFileType = wrapper.framework; name = SparkInspector.framework; path = "/Applications/Spark Inspector.app/Contents/Resources/Frameworks/SparkInspector.framework"; sourceTree = "<group>"; };
		YXIFWTDXJPPRRMDCEPMDTJHK /* QuartzCore.framework */ = {isa = PBXFileReference; lastKnownFileType = wrapper.framework; name = QuartzCore.framework; path = System/Library/Frameworks/QuartzCore.framework; sourceTree = SDKROOT; };
/* End PBXFileReference section */

/* Begin PBXFrameworksBuildPhase section */
		D265DFED1896D1E300E8A68F /* Frameworks */ = {
			isa = PBXFrameworksBuildPhase;
			buildActionMask = 2147483647;
			files = (
				D265DFF61896D1E300E8A68F /* CoreGraphics.framework in Frameworks */,
				D265DFF81896D1E300E8A68F /* UIKit.framework in Frameworks */,
				D265DFF41896D1E300E8A68F /* Foundation.framework in Frameworks */,
				IYDQKWBMRKIEYEVRWSLKUDQT /* QuartzCore.framework in Frameworks */,
				NPONLATPTEBRUFEBXNXFHCQQ /* libz.dylib in Frameworks */,
			);
			runOnlyForDeploymentPostprocessing = 0;
		};
		D265E0141896D1E300E8A68F /* Frameworks */ = {
			isa = PBXFrameworksBuildPhase;
			buildActionMask = 2147483647;
			files = (
				D265E0191896D1E300E8A68F /* XCTest.framework in Frameworks */,
				D265E01B1896D1E300E8A68F /* UIKit.framework in Frameworks */,
				D265E01A1896D1E300E8A68F /* Foundation.framework in Frameworks */,
			);
			runOnlyForDeploymentPostprocessing = 0;
		};
/* End PBXFrameworksBuildPhase section */

/* Begin PBXGroup section */
		D23C966118977B1700BC207E /* View */ = {
			isa = PBXGroup;
			children = (
				D2D431A118988A1100263948 /* SSUserCollectionAvatarCell.h */,
				D2D431A218988A1100263948 /* SSUserCollectionAvatarCell.m */,
				D2D431AA189892D800263948 /* SSRepoCollectionCell.h */,
				D2D431AB189892D800263948 /* SSRepoCollectionCell.m */,
				D2D431A418988BAB00263948 /* SSSearchCollectionView.h */,
				D2D431A518988BAB00263948 /* SSSearchCollectionView.m */,
			);
			name = View;
			sourceTree = "<group>";
		};
		D265DFE71896D1E300E8A68F = {
			isa = PBXGroup;
			children = (
				D265DFF91896D1E300E8A68F /* Github To Go */,
				D265E01E1896D1E300E8A68F /* Github To GoTests */,
				D265DFF21896D1E300E8A68F /* Frameworks */,
				D265DFF11896D1E300E8A68F /* Products */,
			);
			sourceTree = "<group>";
		};
		D265DFF11896D1E300E8A68F /* Products */ = {
			isa = PBXGroup;
			children = (
				D265DFF01896D1E300E8A68F /* Github To Go.app */,
				D265E0171896D1E300E8A68F /* Github To GoTests.xctest */,
			);
			name = Products;
			sourceTree = "<group>";
		};
		D265DFF21896D1E300E8A68F /* Frameworks */ = {
			isa = PBXGroup;
			children = (
				D265DFF31896D1E300E8A68F /* Foundation.framework */,
				D265DFF51896D1E300E8A68F /* CoreGraphics.framework */,
				D265DFF71896D1E300E8A68F /* UIKit.framework */,
				D265E0181896D1E300E8A68F /* XCTest.framework */,
				YXIFWTDXJPPRRMDCEPMDTJHK /* QuartzCore.framework */,
				HBDITSPYVFDWQYYBDCIDIXGK /* libz.dylib */,
				MNTBWVDMICWTEJGUAKXRYSMK /* SparkInspector.framework */,
			);
			name = Frameworks;
			sourceTree = "<group>";
		};
		D265DFF91896D1E300E8A68F /* Github To Go */ = {
			isa = PBXGroup;
			children = (
				D265E0021896D1E300E8A68F /* SSAppDelegate.h */,
				D265E0031896D1E300E8A68F /* SSAppDelegate.m */,
				D265E0051896D1E300E8A68F /* Main_iPhone.storyboard */,
				D265E0081896D1E300E8A68F /* Main_iPad.storyboard */,
				D23C966118977B1700BC207E /* View */,
				D265E0321896D31100E8A68F /* Controller */,
				D265E0111896D1E300E8A68F /* Images.xcassets */,
				D265DFFA1896D1E300E8A68F /* Supporting Files */,
			);
			path = "Github To Go";
			sourceTree = "<group>";
		};
		D265DFFA1896D1E300E8A68F /* Supporting Files */ = {
			isa = PBXGroup;
			children = (
				D265DFFB1896D1E300E8A68F /* Github To Go-Info.plist */,
				D265DFFC1896D1E300E8A68F /* InfoPlist.strings */,
				D265DFFF1896D1E300E8A68F /* main.m */,
				D265E0011896D1E300E8A68F /* Github To Go-Prefix.pch */,
			);
			name = "Supporting Files";
			sourceTree = "<group>";
		};
		D265E01E1896D1E300E8A68F /* Github To GoTests */ = {
			isa = PBXGroup;
			children = (
				D265E0241896D1E300E8A68F /* Github_To_GoTests.m */,
				D265E01F1896D1E300E8A68F /* Supporting Files */,
			);
			path = "Github To GoTests";
			sourceTree = "<group>";
		};
		D265E01F1896D1E300E8A68F /* Supporting Files */ = {
			isa = PBXGroup;
			children = (
				D265E0201896D1E300E8A68F /* Github To GoTests-Info.plist */,
				D265E0211896D1E300E8A68F /* InfoPlist.strings */,
			);
			name = "Supporting Files";
			sourceTree = "<group>";
		};
		D265E0311896D30900E8A68F /* Model */ = {
			isa = PBXGroup;
			children = (
				D265E02E1896D30000E8A68F /* SSNetworkController.h */,
				D265E02F1896D30000E8A68F /* SSNetworkController.m */,
				D2D431A71898927100263948 /* SSGitHubUser.h */,
				D2D431A81898927100263948 /* SSGitHubUser.m */,
				D2D431B01898B86200263948 /* SSGitHubRepo.h */,
				D2D431B11898B86200263948 /* SSGitHubRepo.m */,
			);
			name = Model;
			sourceTree = "<group>";
		};
		D265E0321896D31100E8A68F /* Controller */ = {
			isa = PBXGroup;
			children = (
				D265E07D189717CC00E8A68F /* SSSplitViewController.h */,
				D265E07E189717CC00E8A68F /* SSSplitViewController.m */,
				D265E00B1896D1E300E8A68F /* SSBackViewController.h */,
				D265E00C1896D1E300E8A68F /* SSBackViewController.m */,
				D265E00E1896D1E300E8A68F /* SSFrontViewController.h */,
				D265E00F1896D1E300E8A68F /* SSFrontViewController.m */,
				D265E0311896D30900E8A68F /* Model */,
			);
			name = Controller;
			sourceTree = "<group>";
		};
/* End PBXGroup section */

/* Begin PBXNativeTarget section */
		D265DFEF1896D1E300E8A68F /* Github To Go */ = {
			isa = PBXNativeTarget;
			buildConfigurationList = D265E0281896D1E300E8A68F /* Build configuration list for PBXNativeTarget "Github To Go" */;
			buildPhases = (
				D265DFEC1896D1E300E8A68F /* Sources */,
				D265DFED1896D1E300E8A68F /* Frameworks */,
				D265DFEE1896D1E300E8A68F /* Resources */,
			);
			buildRules = (
			);
			dependencies = (
			);
			name = "Github To Go";
			productName = "Github To Go";
			productReference = D265DFF01896D1E300E8A68F /* Github To Go.app */;
			productType = "com.apple.product-type.application";
		};
		D265E0161896D1E300E8A68F /* Github To GoTests */ = {
			isa = PBXNativeTarget;
			buildConfigurationList = D265E02B1896D1E300E8A68F /* Build configuration list for PBXNativeTarget "Github To GoTests" */;
			buildPhases = (
				D265E0131896D1E300E8A68F /* Sources */,
				D265E0141896D1E300E8A68F /* Frameworks */,
				D265E0151896D1E300E8A68F /* Resources */,
			);
			buildRules = (
			);
			dependencies = (
				D265E01D1896D1E300E8A68F /* PBXTargetDependency */,
			);
			name = "Github To GoTests";
			productName = "Github To GoTests";
			productReference = D265E0171896D1E300E8A68F /* Github To GoTests.xctest */;
			productType = "com.apple.product-type.bundle.unit-test";
		};
/* End PBXNativeTarget section */

/* Begin PBXProject section */
		D265DFE81896D1E300E8A68F /* Project object */ = {
			isa = PBXProject;
			attributes = {
				CLASSPREFIX = SS;
				LastUpgradeCheck = 0500;
				ORGANIZATIONNAME = "Steven Stevenson";
				TargetAttributes = {
					D265E0161896D1E300E8A68F = {
						TestTargetID = D265DFEF1896D1E300E8A68F;
					};
				};
			};
			buildConfigurationList = D265DFEB1896D1E300E8A68F /* Build configuration list for PBXProject "Github To Go" */;
			compatibilityVersion = "Xcode 3.2";
			developmentRegion = English;
			hasScannedForEncodings = 0;
			knownRegions = (
				en,
				Base,
			);
			mainGroup = D265DFE71896D1E300E8A68F;
			productRefGroup = D265DFF11896D1E300E8A68F /* Products */;
			projectDirPath = "";
			projectRoot = "";
			targets = (
				D265DFEF1896D1E300E8A68F /* Github To Go */,
				D265E0161896D1E300E8A68F /* Github To GoTests */,
			);
		};
/* End PBXProject section */

/* Begin PBXResourcesBuildPhase section */
		D265DFEE1896D1E300E8A68F /* Resources */ = {
			isa = PBXResourcesBuildPhase;
			buildActionMask = 2147483647;
			files = (
				D265E00A1896D1E300E8A68F /* Main_iPad.storyboard in Resources */,
				D265E0121896D1E300E8A68F /* Images.xcassets in Resources */,
				D265E0071896D1E300E8A68F /* Main_iPhone.storyboard in Resources */,
				D265DFFE1896D1E300E8A68F /* InfoPlist.strings in Resources */,
			);
			runOnlyForDeploymentPostprocessing = 0;
		};
		D265E0151896D1E300E8A68F /* Resources */ = {
			isa = PBXResourcesBuildPhase;
			buildActionMask = 2147483647;
			files = (
				D265E0231896D1E300E8A68F /* InfoPlist.strings in Resources */,
			);
			runOnlyForDeploymentPostprocessing = 0;
		};
/* End PBXResourcesBuildPhase section */

/* Begin PBXSourcesBuildPhase section */
		D265DFEC1896D1E300E8A68F /* Sources */ = {
			isa = PBXSourcesBuildPhase;
			buildActionMask = 2147483647;
			files = (
				D265E0041896D1E300E8A68F /* SSAppDelegate.m in Sources */,
				D265E0001896D1E300E8A68F /* main.m in Sources */,
				D265E0301896D30000E8A68F /* SSNetworkController.m in Sources */,
				D2D431A91898927100263948 /* SSGitHubUser.m in Sources */,
				D265E07F189717CC00E8A68F /* SSSplitViewController.m in Sources */,
				D265E00D1896D1E300E8A68F /* SSBackViewController.m in Sources */,
				D265E0101896D1E300E8A68F /* SSFrontViewController.m in Sources */,
				D2D431AC189892D800263948 /* SSRepoCollectionCell.m in Sources */,
				D2D431A618988BAB00263948 /* SSSearchCollectionView.m in Sources */,
				D2D431A318988A1100263948 /* SSUserCollectionAvatarCell.m in Sources */,
				D2D431B21898B86200263948 /* SSGitHubRepo.m in Sources */,
			);
			runOnlyForDeploymentPostprocessing = 0;
		};
		D265E0131896D1E300E8A68F /* Sources */ = {
			isa = PBXSourcesBuildPhase;
			buildActionMask = 2147483647;
			files = (
				D265E0251896D1E300E8A68F /* Github_To_GoTests.m in Sources */,
			);
			runOnlyForDeploymentPostprocessing = 0;
		};
/* End PBXSourcesBuildPhase section */

/* Begin PBXTargetDependency section */
		D265E01D1896D1E300E8A68F /* PBXTargetDependency */ = {
			isa = PBXTargetDependency;
			target = D265DFEF1896D1E300E8A68F /* Github To Go */;
			targetProxy = D265E01C1896D1E300E8A68F /* PBXContainerItemProxy */;
		};
/* End PBXTargetDependency section */

/* Begin PBXVariantGroup section */
		D265DFFC1896D1E300E8A68F /* InfoPlist.strings */ = {
			isa = PBXVariantGroup;
			children = (
				D265DFFD1896D1E300E8A68F /* en */,
			);
			name = InfoPlist.strings;
			sourceTree = "<group>";
		};
		D265E0051896D1E300E8A68F /* Main_iPhone.storyboard */ = {
			isa = PBXVariantGroup;
			children = (
				D265E0061896D1E300E8A68F /* Base */,
			);
			name = Main_iPhone.storyboard;
			sourceTree = "<group>";
		};
		D265E0081896D1E300E8A68F /* Main_iPad.storyboard */ = {
			isa = PBXVariantGroup;
			children = (
				D265E0091896D1E300E8A68F /* Base */,
			);
			name = Main_iPad.storyboard;
			sourceTree = "<group>";
		};
		D265E0211896D1E300E8A68F /* InfoPlist.strings */ = {
			isa = PBXVariantGroup;
			children = (
				D265E0221896D1E300E8A68F /* en */,
			);
			name = InfoPlist.strings;
			sourceTree = "<group>";
		};
/* End PBXVariantGroup section */

/* Begin XCBuildConfiguration section */
		D265E0261896D1E300E8A68F /* Debug */ = {
			isa = XCBuildConfiguration;
			buildSettings = {
				ALWAYS_SEARCH_USER_PATHS = NO;
				ARCHS = "$(ARCHS_STANDARD_INCLUDING_64_BIT)";
				CLANG_CXX_LANGUAGE_STANDARD = "gnu++0x";
				CLANG_CXX_LIBRARY = "libc++";
				CLANG_ENABLE_MODULES = YES;
				CLANG_ENABLE_OBJC_ARC = YES;
				CLANG_WARN_BOOL_CONVERSION = YES;
				CLANG_WARN_CONSTANT_CONVERSION = YES;
				CLANG_WARN_DIRECT_OBJC_ISA_USAGE = YES_ERROR;
				CLANG_WARN_EMPTY_BODY = YES;
				CLANG_WARN_ENUM_CONVERSION = YES;
				CLANG_WARN_INT_CONVERSION = YES;
				CLANG_WARN_OBJC_ROOT_CLASS = YES_ERROR;
				CLANG_WARN__DUPLICATE_METHOD_MATCH = YES;
				"CODE_SIGN_IDENTITY[sdk=iphoneos*]" = "iPhone Developer";
				COPY_PHASE_STRIP = NO;
				FRAMEWORK_SEARCH_PATHS = "\"/Applications/Spark Inspector.app/Contents/Resources/Frameworks\"";
				GCC_C_LANGUAGE_STANDARD = gnu99;
				GCC_DYNAMIC_NO_PIC = NO;
				GCC_OPTIMIZATION_LEVEL = 0;
				GCC_PREPROCESSOR_DEFINITIONS = (
					"DEBUG=1",
					"$(inherited)",
				);
				GCC_SYMBOLS_PRIVATE_EXTERN = NO;
				GCC_WARN_64_TO_32_BIT_CONVERSION = YES;
				GCC_WARN_ABOUT_RETURN_TYPE = YES_ERROR;
				GCC_WARN_UNDECLARED_SELECTOR = YES;
				GCC_WARN_UNINITIALIZED_AUTOS = YES;
				GCC_WARN_UNUSED_FUNCTION = YES;
				GCC_WARN_UNUSED_VARIABLE = YES;
				IPHONEOS_DEPLOYMENT_TARGET = 7.0;
				ONLY_ACTIVE_ARCH = YES;
				OTHER_LDFLAGS = (
					"-ObjC",
					"-framework",
					SparkInspector,
				);
				SDKROOT = iphoneos;
				TARGETED_DEVICE_FAMILY = "1,2";
			};
			name = Debug;
		};
		D265E0271896D1E300E8A68F /* Release */ = {
			isa = XCBuildConfiguration;
			buildSettings = {
				ALWAYS_SEARCH_USER_PATHS = NO;
				ARCHS = "$(ARCHS_STANDARD_INCLUDING_64_BIT)";
				CLANG_CXX_LANGUAGE_STANDARD = "gnu++0x";
				CLANG_CXX_LIBRARY = "libc++";
				CLANG_ENABLE_MODULES = YES;
				CLANG_ENABLE_OBJC_ARC = YES;
				CLANG_WARN_BOOL_CONVERSION = YES;
				CLANG_WARN_CONSTANT_CONVERSION = YES;
				CLANG_WARN_DIRECT_OBJC_ISA_USAGE = YES_ERROR;
				CLANG_WARN_EMPTY_BODY = YES;
				CLANG_WARN_ENUM_CONVERSION = YES;
				CLANG_WARN_INT_CONVERSION = YES;
				CLANG_WARN_OBJC_ROOT_CLASS = YES_ERROR;
				CLANG_WARN__DUPLICATE_METHOD_MATCH = YES;
				"CODE_SIGN_IDENTITY[sdk=iphoneos*]" = "iPhone Developer";
				COPY_PHASE_STRIP = YES;
				ENABLE_NS_ASSERTIONS = NO;
				GCC_C_LANGUAGE_STANDARD = gnu99;
				GCC_WARN_64_TO_32_BIT_CONVERSION = YES;
				GCC_WARN_ABOUT_RETURN_TYPE = YES_ERROR;
				GCC_WARN_UNDECLARED_SELECTOR = YES;
				GCC_WARN_UNINITIALIZED_AUTOS = YES;
				GCC_WARN_UNUSED_FUNCTION = YES;
				GCC_WARN_UNUSED_VARIABLE = YES;
				IPHONEOS_DEPLOYMENT_TARGET = 7.0;
				SDKROOT = iphoneos;
				TARGETED_DEVICE_FAMILY = "1,2";
				VALIDATE_PRODUCT = YES;
			};
			name = Release;
		};
		D265E0291896D1E300E8A68F /* Debug */ = {
			isa = XCBuildConfiguration;
			buildSettings = {
				ASSETCATALOG_COMPILER_APPICON_NAME = AppIcon;
				ASSETCATALOG_COMPILER_LAUNCHIMAGE_NAME = LaunchImage;
				FRAMEWORK_SEARCH_PATHS = "\"/Applications/Spark Inspector.app/Contents/Resources/Frameworks\"";
				GCC_PRECOMPILE_PREFIX_HEADER = YES;
				GCC_PREFIX_HEADER = "Github To Go/Github To Go-Prefix.pch";
				INFOPLIST_FILE = "Github To Go/Github To Go-Info.plist";
				OTHER_LDFLAGS = (
					"-ObjC",
					"-framework",
					SparkInspector,
				);
				PRODUCT_NAME = "$(TARGET_NAME)";
				WRAPPER_EXTENSION = app;
			};
			name = Debug;
		};
		D265E02A1896D1E300E8A68F /* Release */ = {
			isa = XCBuildConfiguration;
			buildSettings = {
				ASSETCATALOG_COMPILER_APPICON_NAME = AppIcon;
				ASSETCATALOG_COMPILER_LAUNCHIMAGE_NAME = LaunchImage;
				GCC_PRECOMPILE_PREFIX_HEADER = YES;
				GCC_PREFIX_HEADER = "Github To Go/Github To Go-Prefix.pch";
				INFOPLIST_FILE = "Github To Go/Github To Go-Info.plist";
				PRODUCT_NAME = "$(TARGET_NAME)";
				WRAPPER_EXTENSION = app;
			};
			name = Release;
		};
		D265E02C1896D1E300E8A68F /* Debug */ = {
			isa = XCBuildConfiguration;
			buildSettings = {
				ARCHS = "$(ARCHS_STANDARD_INCLUDING_64_BIT)";
				BUNDLE_LOADER = "$(BUILT_PRODUCTS_DIR)/Github To Go.app/Github To Go";
				FRAMEWORK_SEARCH_PATHS = (
					"$(SDKROOT)/Developer/Library/Frameworks",
					"$(inherited)",
					"$(DEVELOPER_FRAMEWORKS_DIR)",
				);
				GCC_PRECOMPILE_PREFIX_HEADER = YES;
				GCC_PREFIX_HEADER = "Github To Go/Github To Go-Prefix.pch";
				GCC_PREPROCESSOR_DEFINITIONS = (
					"DEBUG=1",
					"$(inherited)",
				);
				INFOPLIST_FILE = "Github To GoTests/Github To GoTests-Info.plist";
				PRODUCT_NAME = "$(TARGET_NAME)";
				TEST_HOST = "$(BUNDLE_LOADER)";
				WRAPPER_EXTENSION = xctest;
			};
			name = Debug;
		};
		D265E02D1896D1E300E8A68F /* Release */ = {
			isa = XCBuildConfiguration;
			buildSettings = {
				ARCHS = "$(ARCHS_STANDARD_INCLUDING_64_BIT)";
				BUNDLE_LOADER = "$(BUILT_PRODUCTS_DIR)/Github To Go.app/Github To Go";
				FRAMEWORK_SEARCH_PATHS = (
					"$(SDKROOT)/Developer/Library/Frameworks",
					"$(inherited)",
					"$(DEVELOPER_FRAMEWORKS_DIR)",
				);
				GCC_PRECOMPILE_PREFIX_HEADER = YES;
				GCC_PREFIX_HEADER = "Github To Go/Github To Go-Prefix.pch";
				INFOPLIST_FILE = "Github To GoTests/Github To GoTests-Info.plist";
				PRODUCT_NAME = "$(TARGET_NAME)";
				TEST_HOST = "$(BUNDLE_LOADER)";
				WRAPPER_EXTENSION = xctest;
			};
			name = Release;
		};
/* End XCBuildConfiguration section */

/* Begin XCConfigurationList section */
		D265DFEB1896D1E300E8A68F /* Build configuration list for PBXProject "Github To Go" */ = {
			isa = XCConfigurationList;
			buildConfigurations = (
				D265E0261896D1E300E8A68F /* Debug */,
				D265E0271896D1E300E8A68F /* Release */,
			);
			defaultConfigurationIsVisible = 0;
			defaultConfigurationName = Release;
		};
		D265E0281896D1E300E8A68F /* Build configuration list for PBXNativeTarget "Github To Go" */ = {
			isa = XCConfigurationList;
			buildConfigurations = (
				D265E0291896D1E300E8A68F /* Debug */,
				D265E02A1896D1E300E8A68F /* Release */,
			);
			defaultConfigurationIsVisible = 0;
			defaultConfigurationName = Release;
		};
		D265E02B1896D1E300E8A68F /* Build configuration list for PBXNativeTarget "Github To GoTests" */ = {
			isa = XCConfigurationList;
			buildConfigurations = (
				D265E02C1896D1E300E8A68F /* Debug */,
				D265E02D1896D1E300E8A68F /* Release */,
			);
			defaultConfigurationIsVisible = 0;
			defaultConfigurationName = Release;
		};
/* End XCConfigurationList section */
	};
	rootObject = D265DFE81896D1E300E8A68F /* Project object */;
}
